
Microsoft Visual Studio Solution File, Format Version 12.00
# Visual Studio Version 16
VisualStudioVersion = 16.0.28803.156
MinimumVisualStudioVersion = 10.0.40219.1
Project("{9A19103F-16F7-4668-BE54-9A1E7A4F7556}") = "ProcastinationKiller", "ProcastinationKiller\ProcastinationKiller.csproj", "{3E310673-7548-4F01-A312-3E9E4CD1BD5C}"
EndProject
Project("{9A19103F-16F7-4668-BE54-9A1E7A4F7556}") = "Engine", "Engine\Engine.csproj", "{D71FA0F1-3483-49FC-A3AC-34C4A103D11C}"
EndProject
Project("{FAE04EC0-301F-11D3-BF4B-00C04F79EFBC}") = "TodosTests", "Tests\TodosTests\TodosTests.csproj", "{1D337FC7-FEC0-4332-A54D-9B4BD1C44B16}"
EndProject
Global
	GlobalSection(SolutionConfigurationPlatforms) = preSolution
		Debug|Any CPU = Debug|Any CPU
		Release|Any CPU = Release|Any CPU
	EndGlobalSection
	GlobalSection(ProjectConfigurationPlatforms) = postSolution
		{3E310673-7548-4F01-A312-3E9E4CD1BD5C}.Debug|Any CPU.ActiveCfg = Debug|Any CPU
		{3E310673-7548-4F01-A312-3E9E4CD1BD5C}.Debug|Any CPU.Build.0 = Debug|Any CPU
		{3E310673-7548-4F01-A312-3E9E4CD1BD5C}.Release|Any CPU.ActiveCfg = Release|Any CPU
		{3E310673-7548-4F01-A312-3E9E4CD1BD5C}.Release|Any CPU.Build.0 = Release|Any CPU
		{D71FA0F1-3483-49FC-A3AC-34C4A103D11C}.Debug|Any CPU.ActiveCfg = Debug|Any CPU
		{D71FA0F1-3483-49FC-A3AC-34C4A103D11C}.Debug|Any CPU.Build.0 = Debug|Any CPU
		{D71FA0F1-3483-49FC-A3AC-34C4A103D11C}.Release|Any CPU.ActiveCfg = Release|Any CPU
		{D71FA0F1-3483-49FC-A3AC-34C4A103D11C}.Release|Any CPU.Build.0 = Release|Any CPU
		{1D337FC7-FEC0-4332-A54D-9B4BD1C44B16}.Debug|Any CPU.ActiveCfg = Debug|Any CPU
		{1D337FC7-FEC0-4332-A54D-9B4BD1C44B16}.Debug|Any CPU.Build.0 = Debug|Any CPU
		{1D337FC7-FEC0-4332-A54D-9B4BD1C44B16}.Release|Any CPU.ActiveCfg = Release|Any CPU
		{1D337FC7-FEC0-4332-A54D-9B4BD1C44B16}.Release|Any CPU.Build.0 = Release|Any CPU
	EndGlobalSection
	GlobalSection(SolutionProperties) = preSolution
		HideSolutionNode = FALSE
	EndGlobalSection
	GlobalSection(ExtensibilityGlobals) = postSolution
		SolutionGuid = {2787945C-4BD9-4D06-BEE6-D0DED8E91FB8}
	EndGlobalSection
EndGlobal
